
Microsoft Visual Studio Solution File, Format Version 12.00
# Visual Studio Version 16
VisualStudioVersion = 16.0.31424.327
MinimumVisualStudioVersion = 10.0.40219.1
Project("{FAE04EC0-301F-11D3-BF4B-00C04F79EFBC}") = "ExcelK3FH9L", "ExcelK3FH9L\ExcelK3FH9L.csproj", "{4345933D-6337-40CD-9274-E6FA4E1C989D}"
EndProject
Global
	GlobalSection(SolutionConfigurationPlatforms) = preSolution
		Debug|Any CPU = Debug|Any CPU
		Release|Any CPU = Release|Any CPU
	EndGlobalSection
	GlobalSection(ProjectConfigurationPlatforms) = postSolution
		{4345933D-6337-40CD-9274-E6FA4E1C989D}.Debug|Any CPU.ActiveCfg = Debug|Any CPU
		{4345933D-6337-40CD-9274-E6FA4E1C989D}.Debug|Any CPU.Build.0 = Debug|Any CPU
		{4345933D-6337-40CD-9274-E6FA4E1C989D}.Release|Any CPU.ActiveCfg = Release|Any CPU
		{4345933D-6337-40CD-9274-E6FA4E1C989D}.Release|Any CPU.Build.0 = Release|Any CPU
	EndGlobalSection
	GlobalSection(SolutionProperties) = preSolution
		HideSolutionNode = FALSE
	EndGlobalSection
	GlobalSection(ExtensibilityGlobals) = postSolution
		SolutionGuid = {C2F6B46F-3F6E-442D-87C9-C337AAFD5CC0}
	EndGlobalSection
EndGlobal
